// !$*UTF8*$!
{
	archiveVersion = 1;
	classes = {
	};
	objectVersion = 50;
	objects = {

/* Begin PBXBuildFile section */
		E85E045424A74DD000104CD3 /* AppDelegate.swift in Sources */ = {isa = PBXBuildFile; fileRef = E85E045324A74DD000104CD3 /* AppDelegate.swift */; };
		E85E045624A74DD000104CD3 /* SceneDelegate.swift in Sources */ = {isa = PBXBuildFile; fileRef = E85E045524A74DD000104CD3 /* SceneDelegate.swift */; };
		E85E045824A74DD000104CD3 /* ViewController.swift in Sources */ = {isa = PBXBuildFile; fileRef = E85E045724A74DD000104CD3 /* ViewController.swift */; };
		E85E045B24A74DD000104CD3 /* Main.storyboard in Resources */ = {isa = PBXBuildFile; fileRef = E85E045924A74DD000104CD3 /* Main.storyboard */; };
		E85E045D24A74DD600104CD3 /* Assets.xcassets in Resources */ = {isa = PBXBuildFile; fileRef = E85E045C24A74DD600104CD3 /* Assets.xcassets */; };
		E85E046024A74DD600104CD3 /* LaunchScreen.storyboard in Resources */ = {isa = PBXBuildFile; fileRef = E85E045E24A74DD600104CD3 /* LaunchScreen.storyboard */; };
		E85E046B24A74DD700104CD3 /* QuizTests.swift in Sources */ = {isa = PBXBuildFile; fileRef = E85E046A24A74DD700104CD3 /* QuizTests.swift */; };
		E85E047624A74DD700104CD3 /* QuizUITests.swift in Sources */ = {isa = PBXBuildFile; fileRef = E85E047524A74DD700104CD3 /* QuizUITests.swift */; };
/* End PBXBuildFile section */

/* Begin PBXContainerItemProxy section */
		E85E046724A74DD700104CD3 /* PBXContainerItemProxy */ = {
			isa = PBXContainerItemProxy;
			containerPortal = E85E044824A74DD000104CD3 /* Project object */;
			proxyType = 1;
			remoteGlobalIDString = E85E044F24A74DD000104CD3;
			remoteInfo = Quiz;
		};
		E85E047224A74DD700104CD3 /* PBXContainerItemProxy */ = {
			isa = PBXContainerItemProxy;
			containerPortal = E85E044824A74DD000104CD3 /* Project object */;
			proxyType = 1;
			remoteGlobalIDString = E85E044F24A74DD000104CD3;
			remoteInfo = Quiz;
		};
/* End PBXContainerItemProxy section */

/* Begin PBXFileReference section */
		E85E045024A74DD000104CD3 /* Quiz.app */ = {isa = PBXFileReference; explicitFileType = wrapper.application; includeInIndex = 0; path = Quiz.app; sourceTree = BUILT_PRODUCTS_DIR; };
		E85E045324A74DD000104CD3 /* AppDelegate.swift */ = {isa = PBXFileReference; lastKnownFileType = sourcecode.swift; path = AppDelegate.swift; sourceTree = "<group>"; };
		E85E045524A74DD000104CD3 /* SceneDelegate.swift */ = {isa = PBXFileReference; lastKnownFileType = sourcecode.swift; path = SceneDelegate.swift; sourceTree = "<group>"; };
		E85E045724A74DD000104CD3 /* ViewController.swift */ = {isa = PBXFileReference; lastKnownFileType = sourcecode.swift; path = ViewController.swift; sourceTree = "<group>"; };
		E85E045A24A74DD000104CD3 /* Base */ = {isa = PBXFileReference; lastKnownFileType = file.storyboard; name = Base; path = Base.lproj/Main.storyboard; sourceTree = "<group>"; };
		E85E045C24A74DD600104CD3 /* Assets.xcassets */ = {isa = PBXFileReference; lastKnownFileType = folder.assetcatalog; path = Assets.xcassets; sourceTree = "<group>"; };
		E85E045F24A74DD600104CD3 /* Base */ = {isa = PBXFileReference; lastKnownFileType = file.storyboard; name = Base; path = Base.lproj/LaunchScreen.storyboard; sourceTree = "<group>"; };
		E85E046124A74DD600104CD3 /* Info.plist */ = {isa = PBXFileReference; lastKnownFileType = text.plist.xml; path = Info.plist; sourceTree = "<group>"; };
		E85E046624A74DD700104CD3 /* QuizTests.xctest */ = {isa = PBXFileReference; explicitFileType = wrapper.cfbundle; includeInIndex = 0; path = QuizTests.xctest; sourceTree = BUILT_PRODUCTS_DIR; };
		E85E046A24A74DD700104CD3 /* QuizTests.swift */ = {isa = PBXFileReference; lastKnownFileType = sourcecode.swift; path = QuizTests.swift; sourceTree = "<group>"; };
		E85E046C24A74DD700104CD3 /* Info.plist */ = {isa = PBXFileReference; lastKnownFileType = text.plist.xml; path = Info.plist; sourceTree = "<group>"; };
		E85E047124A74DD700104CD3 /* QuizUITests.xctest */ = {isa = PBXFileReference; explicitFileType = wrapper.cfbundle; includeInIndex = 0; path = QuizUITests.xctest; sourceTree = BUILT_PRODUCTS_DIR; };
		E85E047524A74DD700104CD3 /* QuizUITests.swift */ = {isa = PBXFileReference; lastKnownFileType = sourcecode.swift; path = QuizUITests.swift; sourceTree = "<group>"; };
		E85E047724A74DD700104CD3 /* Info.plist */ = {isa = PBXFileReference; lastKnownFileType = text.plist.xml; path = Info.plist; sourceTree = "<group>"; };
/* End PBXFileReference section */

/* Begin PBXFrameworksBuildPhase section */
		E85E044D24A74DD000104CD3 /* Frameworks */ = {
			isa = PBXFrameworksBuildPhase;
			buildActionMask = 2147483647;
			files = (
			);
			runOnlyForDeploymentPostprocessing = 0;
		};
		E85E046324A74DD700104CD3 /* Frameworks */ = {
			isa = PBXFrameworksBuildPhase;
			buildActionMask = 2147483647;
			files = (
			);
			runOnlyForDeploymentPostprocessing = 0;
		};
		E85E046E24A74DD700104CD3 /* Frameworks */ = {
			isa = PBXFrameworksBuildPhase;
			buildActionMask = 2147483647;
			files = (
			);
			runOnlyForDeploymentPostprocessing = 0;
		};
/* End PBXFrameworksBuildPhase section */

/* Begin PBXGroup section */
		E85E044724A74DD000104CD3 = {
			isa = PBXGroup;
			children = (
				E85E045224A74DD000104CD3 /* Quiz */,
				E85E046924A74DD700104CD3 /* QuizTests */,
				E85E047424A74DD700104CD3 /* QuizUITests */,
				E85E045124A74DD000104CD3 /* Products */,
			);
			sourceTree = "<group>";
		};
		E85E045124A74DD000104CD3 /* Products */ = {
			isa = PBXGroup;
			children = (
				E85E045024A74DD000104CD3 /* Quiz.app */,
				E85E046624A74DD700104CD3 /* QuizTests.xctest */,
				E85E047124A74DD700104CD3 /* QuizUITests.xctest */,
			);
			name = Products;
			sourceTree = "<group>";
		};
		E85E045224A74DD000104CD3 /* Quiz */ = {
			isa = PBXGroup;
			children = (
				E85E045324A74DD000104CD3 /* AppDelegate.swift */,
				E85E045524A74DD000104CD3 /* SceneDelegate.swift */,
				E85E045724A74DD000104CD3 /* ViewController.swift */,
				E85E045924A74DD000104CD3 /* Main.storyboard */,
				E85E045C24A74DD600104CD3 /* Assets.xcassets */,
				E85E045E24A74DD600104CD3 /* LaunchScreen.storyboard */,
				E85E046124A74DD600104CD3 /* Info.plist */,
			);
			path = Quiz;
			sourceTree = "<group>";
		};
		E85E046924A74DD700104CD3 /* QuizTests */ = {
			isa = PBXGroup;
			children = (
				E85E046A24A74DD700104CD3 /* QuizTests.swift */,
				E85E046C24A74DD700104CD3 /* Info.plist */,
			);
			path = QuizTests;
			sourceTree = "<group>";
		};
		E85E047424A74DD700104CD3 /* QuizUITests */ = {
			isa = PBXGroup;
			children = (
				E85E047524A74DD700104CD3 /* QuizUITests.swift */,
				E85E047724A74DD700104CD3 /* Info.plist */,
			);
			path = QuizUITests;
			sourceTree = "<group>";
		};
/* End PBXGroup section */

/* Begin PBXNativeTarget section */
		E85E044F24A74DD000104CD3 /* Quiz */ = {
			isa = PBXNativeTarget;
			buildConfigurationList = E85E047A24A74DD700104CD3 /* Build configuration list for PBXNativeTarget "Quiz" */;
			buildPhases = (
				E85E044C24A74DD000104CD3 /* Sources */,
				E85E044D24A74DD000104CD3 /* Frameworks */,
				E85E044E24A74DD000104CD3 /* Resources */,
			);
			buildRules = (
			);
			dependencies = (
			);
			name = Quiz;
			productName = Quiz;
			productReference = E85E045024A74DD000104CD3 /* Quiz.app */;
			productType = "com.apple.product-type.application";
		};
		E85E046524A74DD700104CD3 /* QuizTests */ = {
			isa = PBXNativeTarget;
			buildConfigurationList = E85E047D24A74DD700104CD3 /* Build configuration list for PBXNativeTarget "QuizTests" */;
			buildPhases = (
				E85E046224A74DD700104CD3 /* Sources */,
				E85E046324A74DD700104CD3 /* Frameworks */,
				E85E046424A74DD700104CD3 /* Resources */,
			);
			buildRules = (
			);
			dependencies = (
				E85E046824A74DD700104CD3 /* PBXTargetDependency */,
			);
			name = QuizTests;
			productName = QuizTests;
			productReference = E85E046624A74DD700104CD3 /* QuizTests.xctest */;
			productType = "com.apple.product-type.bundle.unit-test";
		};
		E85E047024A74DD700104CD3 /* QuizUITests */ = {
			isa = PBXNativeTarget;
			buildConfigurationList = E85E048024A74DD700104CD3 /* Build configuration list for PBXNativeTarget "QuizUITests" */;
			buildPhases = (
				E85E046D24A74DD700104CD3 /* Sources */,
				E85E046E24A74DD700104CD3 /* Frameworks */,
				E85E046F24A74DD700104CD3 /* Resources */,
			);
			buildRules = (
			);
			dependencies = (
				E85E047324A74DD700104CD3 /* PBXTargetDependency */,
			);
			name = QuizUITests;
			productName = QuizUITests;
			productReference = E85E047124A74DD700104CD3 /* QuizUITests.xctest */;
			productType = "com.apple.product-type.bundle.ui-testing";
		};
/* End PBXNativeTarget section */

/* Begin PBXProject section */
		E85E044824A74DD000104CD3 /* Project object */ = {
			isa = PBXProject;
			attributes = {
				LastSwiftUpdateCheck = 1150;
				LastUpgradeCheck = 1150;
				ORGANIZATIONNAME = Okemoto.Aika;
				TargetAttributes = {
					E85E044F24A74DD000104CD3 = {
						CreatedOnToolsVersion = 11.5;
					};
					E85E046524A74DD700104CD3 = {
						CreatedOnToolsVersion = 11.5;
						TestTargetID = E85E044F24A74DD000104CD3;
					};
					E85E047024A74DD700104CD3 = {
						CreatedOnToolsVersion = 11.5;
						TestTargetID = E85E044F24A74DD000104CD3;
					};
				};
			};
			buildConfigurationList = E85E044B24A74DD000104CD3 /* Build configuration list for PBXProject "Quiz" */;
			compatibilityVersion = "Xcode 9.3";
			developmentRegion = en;
			hasScannedForEncodings = 0;
			knownRegions = (
				en,
				Base,
			);
			mainGroup = E85E044724A74DD000104CD3;
			productRefGroup = E85E045124A74DD000104CD3 /* Products */;
			projectDirPath = "";
			projectRoot = "";
			targets = (
				E85E044F24A74DD000104CD3 /* Quiz */,
				E85E046524A74DD700104CD3 /* QuizTests */,
				E85E047024A74DD700104CD3 /* QuizUITests */,
			);
		};
/* End PBXProject section */

/* Begin PBXResourcesBuildPhase section */
		E85E044E24A74DD000104CD3 /* Resources */ = {
			isa = PBXResourcesBuildPhase;
			buildActionMask = 2147483647;
			files = (
				E85E046024A74DD600104CD3 /* LaunchScreen.storyboard in Resources */,
				E85E045D24A74DD600104CD3 /* Assets.xcassets in Resources */,
				E85E045B24A74DD000104CD3 /* Main.storyboard in Resources */,
			);
			runOnlyForDeploymentPostprocessing = 0;
		};
		E85E046424A74DD700104CD3 /* Resources */ = {
			isa = PBXResourcesBuildPhase;
			buildActionMask = 2147483647;
			files = (
			);
			runOnlyForDeploymentPostprocessing = 0;
		};
		E85E046F24A74DD700104CD3 /* Resources */ = {
			isa = PBXResourcesBuildPhase;
			buildActionMask = 2147483647;
			files = (
			);
			runOnlyForDeploymentPostprocessing = 0;
		};
/* End PBXResourcesBuildPhase section */

/* Begin PBXSourcesBuildPhase section */
		E85E044C24A74DD000104CD3 /* Sources */ = {
			isa = PBXSourcesBuildPhase;
			buildActionMask = 2147483647;
			files = (
				E85E045824A74DD000104CD3 /* ViewController.swift in Sources */,
				E85E045424A74DD000104CD3 /* AppDelegate.swift in Sources */,
				E85E045624A74DD000104CD3 /* SceneDelegate.swift in Sources */,
			);
			runOnlyForDeploymentPostprocessing = 0;
		};
		E85E046224A74DD700104CD3 /* Sources */ = {
			isa = PBXSourcesBuildPhase;
			buildActionMask = 2147483647;
			files = (
				E85E046B24A74DD700104CD3 /* QuizTests.swift in Sources */,
			);
			runOnlyForDeploymentPostprocessing = 0;
		};
		E85E046D24A74DD700104CD3 /* Sources */ = {
			isa = PBXSourcesBuildPhase;
			buildActionMask = 2147483647;
			files = (
				E85E047624A74DD700104CD3 /* QuizUITests.swift in Sources */,
			);
			runOnlyForDeploymentPostprocessing = 0;
		};
/* End PBXSourcesBuildPhase section */

/* Begin PBXTargetDependency section */
		E85E046824A74DD700104CD3 /* PBXTargetDependency */ = {
			isa = PBXTargetDependency;
			target = E85E044F24A74DD000104CD3 /* Quiz */;
			targetProxy = E85E046724A74DD700104CD3 /* PBXContainerItemProxy */;
		};
		E85E047324A74DD700104CD3 /* PBXTargetDependency */ = {
			isa = PBXTargetDependency;
			target = E85E044F24A74DD000104CD3 /* Quiz */;
			targetProxy = E85E047224A74DD700104CD3 /* PBXContainerItemProxy */;
		};
/* End PBXTargetDependency section */

/* Begin PBXVariantGroup section */
		E85E045924A74DD000104CD3 /* Main.storyboard */ = {
			isa = PBXVariantGroup;
			children = (
				E85E045A24A74DD000104CD3 /* Base */,
			);
			name = Main.storyboard;
			sourceTree = "<group>";
		};
		E85E045E24A74DD600104CD3 /* LaunchScreen.storyboard */ = {
			isa = PBXVariantGroup;
			children = (
				E85E045F24A74DD600104CD3 /* Base */,
			);
			name = LaunchScreen.storyboard;
			sourceTree = "<group>";
		};
/* End PBXVariantGroup section */

/* Begin XCBuildConfiguration section */
		E85E047824A74DD700104CD3 /* Debug */ = {
			isa = XCBuildConfiguration;
			buildSettings = {
				ALWAYS_SEARCH_USER_PATHS = NO;
				CLANG_ANALYZER_NONNULL = YES;
				CLANG_ANALYZER_NUMBER_OBJECT_CONVERSION = YES_AGGRESSIVE;
				CLANG_CXX_LANGUAGE_STANDARD = "gnu++14";
				CLANG_CXX_LIBRARY = "libc++";
				CLANG_ENABLE_MODULES = YES;
				CLANG_ENABLE_OBJC_ARC = YES;
				CLANG_ENABLE_OBJC_WEAK = YES;
				CLANG_WARN_BLOCK_CAPTURE_AUTORELEASING = YES;
				CLANG_WARN_BOOL_CONVERSION = YES;
				CLANG_WARN_COMMA = YES;
				CLANG_WARN_CONSTANT_CONVERSION = YES;
				CLANG_WARN_DEPRECATED_OBJC_IMPLEMENTATIONS = YES;
				CLANG_WARN_DIRECT_OBJC_ISA_USAGE = YES_ERROR;
				CLANG_WARN_DOCUMENTATION_COMMENTS = YES;
				CLANG_WARN_EMPTY_BODY = YES;
				CLANG_WARN_ENUM_CONVERSION = YES;
				CLANG_WARN_INFINITE_RECURSION = YES;
				CLANG_WARN_INT_CONVERSION = YES;
				CLANG_WARN_NON_LITERAL_NULL_CONVERSION = YES;
				CLANG_WARN_OBJC_IMPLICIT_RETAIN_SELF = YES;
				CLANG_WARN_OBJC_LITERAL_CONVERSION = YES;
				CLANG_WARN_OBJC_ROOT_CLASS = YES_ERROR;
				CLANG_WARN_RANGE_LOOP_ANALYSIS = YES;
				CLANG_WARN_STRICT_PROTOTYPES = YES;
				CLANG_WARN_SUSPICIOUS_MOVE = YES;
				CLANG_WARN_UNGUARDED_AVAILABILITY = YES_AGGRESSIVE;
				CLANG_WARN_UNREACHABLE_CODE = YES;
				CLANG_WARN__DUPLICATE_METHOD_MATCH = YES;
				COPY_PHASE_STRIP = NO;
				DEBUG_INFORMATION_FORMAT = dwarf;
				ENABLE_STRICT_OBJC_MSGSEND = YES;
				ENABLE_TESTABILITY = YES;
				GCC_C_LANGUAGE_STANDARD = gnu11;
				GCC_DYNAMIC_NO_PIC = NO;
				GCC_NO_COMMON_BLOCKS = YES;
				GCC_OPTIMIZATION_LEVEL = 0;
				GCC_PREPROCESSOR_DEFINITIONS = (
					"DEBUG=1",
					"$(inherited)",
				);
				GCC_WARN_64_TO_32_BIT_CONVERSION = YES;
				GCC_WARN_ABOUT_RETURN_TYPE = YES_ERROR;
				GCC_WARN_UNDECLARED_SELECTOR = YES;
				GCC_WARN_UNINITIALIZED_AUTOS = YES_AGGRESSIVE;
				GCC_WARN_UNUSED_FUNCTION = YES;
				GCC_WARN_UNUSED_VARIABLE = YES;
				IPHONEOS_DEPLOYMENT_TARGET = 13.5;
				MTL_ENABLE_DEBUG_INFO = INCLUDE_SOURCE;
				MTL_FAST_MATH = YES;
				ONLY_ACTIVE_ARCH = YES;
				SDKROOT = iphoneos;
				SWIFT_ACTIVE_COMPILATION_CONDITIONS = DEBUG;
				SWIFT_OPTIMIZATION_LEVEL = "-Onone";
			};
			name = Debug;
		};
		E85E047924A74DD700104CD3 /* Release */ = {
			isa = XCBuildConfiguration;
			buildSettings = {
				ALWAYS_SEARCH_USER_PATHS = NO;
				CLANG_ANALYZER_NONNULL = YES;
				CLANG_ANALYZER_NUMBER_OBJECT_CONVERSION = YES_AGGRESSIVE;
				CLANG_CXX_LANGUAGE_STANDARD = "gnu++14";
				CLANG_CXX_LIBRARY = "libc++";
				CLANG_ENABLE_MODULES = YES;
				CLANG_ENABLE_OBJC_ARC = YES;
				CLANG_ENABLE_OBJC_WEAK = YES;
				CLANG_WARN_BLOCK_CAPTURE_AUTORELEASING = YES;
				CLANG_WARN_BOOL_CONVERSION = YES;
				CLANG_WARN_COMMA = YES;
				CLANG_WARN_CONSTANT_CONVERSION = YES;
				CLANG_WARN_DEPRECATED_OBJC_IMPLEMENTATIONS = YES;
				CLANG_WARN_DIRECT_OBJC_ISA_USAGE = YES_ERROR;
				CLANG_WARN_DOCUMENTATION_COMMENTS = YES;
				CLANG_WARN_EMPTY_BODY = YES;
				CLANG_WARN_ENUM_CONVERSION = YES;
				CLANG_WARN_INFINITE_RECURSION = YES;
				CLANG_WARN_INT_CONVERSION = YES;
				CLANG_WARN_NON_LITERAL_NULL_CONVERSION = YES;
				CLANG_WARN_OBJC_IMPLICIT_RETAIN_SELF = YES;
				CLANG_WARN_OBJC_LITERAL_CONVERSION = YES;
				CLANG_WARN_OBJC_ROOT_CLASS = YES_ERROR;
				CLANG_WARN_RANGE_LOOP_ANALYSIS = YES;
				CLANG_WARN_STRICT_PROTOTYPES = YES;
				CLANG_WARN_SUSPICIOUS_MOVE = YES;
				CLANG_WARN_UNGUARDED_AVAILABILITY = YES_AGGRESSIVE;
				CLANG_WARN_UNREACHABLE_CODE = YES;
				CLANG_WARN__DUPLICATE_METHOD_MATCH = YES;
				COPY_PHASE_STRIP = NO;
				DEBUG_INFORMATION_FORMAT = "dwarf-with-dsym";
				ENABLE_NS_ASSERTIONS = NO;
				ENABLE_STRICT_OBJC_MSGSEND = YES;
				GCC_C_LANGUAGE_STANDARD = gnu11;
				GCC_NO_COMMON_BLOCKS = YES;
				GCC_WARN_64_TO_32_BIT_CONVERSION = YES;
				GCC_WARN_ABOUT_RETURN_TYPE = YES_ERROR;
				GCC_WARN_UNDECLARED_SELECTOR = YES;
				GCC_WARN_UNINITIALIZED_AUTOS = YES_AGGRESSIVE;
				GCC_WARN_UNUSED_FUNCTION = YES;
				GCC_WARN_UNUSED_VARIABLE = YES;
				IPHONEOS_DEPLOYMENT_TARGET = 13.5;
				MTL_ENABLE_DEBUG_INFO = NO;
				MTL_FAST_MATH = YES;
				SDKROOT = iphoneos;
				SWIFT_COMPILATION_MODE = wholemodule;
				SWIFT_OPTIMIZATION_LEVEL = "-O";
				VALIDATE_PRODUCT = YES;
			};
			name = Release;
		};
		E85E047B24A74DD700104CD3 /* Debug */ = {
			isa = XCBuildConfiguration;
			buildSettings = {
				ASSETCATALOG_COMPILER_APPICON_NAME = AppIcon;
				CODE_SIGN_STYLE = Automatic;
				INFOPLIST_FILE = Quiz/Info.plist;
				LD_RUNPATH_SEARCH_PATHS = (
					"$(inherited)",
					"@executable_path/Frameworks",
				);
				PRODUCT_BUNDLE_IDENTIFIER = app.okemoto.aika.Quiz;
				PRODUCT_NAME = "$(TARGET_NAME)";
				SWIFT_VERSION = 5.0;
				TARGETED_DEVICE_FAMILY = "1,2";
			};
			name = Debug;
		};
		E85E047C24A74DD700104CD3 /* Release */ = {
			isa = XCBuildConfiguration;
			buildSettings = {
				ASSETCATALOG_COMPILER_APPICON_NAME = AppIcon;
				CODE_SIGN_STYLE = Automatic;
				INFOPLIST_FILE = Quiz/Info.plist;
				LD_RUNPATH_SEARCH_PATHS = (
					"$(inherited)",
					"@executable_path/Frameworks",
				);
				PRODUCT_BUNDLE_IDENTIFIER = app.okemoto.aika.Quiz;
				PRODUCT_NAME = "$(TARGET_NAME)";
				SWIFT_VERSION = 5.0;
				TARGETED_DEVICE_FAMILY = "1,2";
			};
			name = Release;
		};
		E85E047E24A74DD700104CD3 /* Debug */ = {
			isa = XCBuildConfiguration;
			buildSettings = {
				ALWAYS_EMBED_SWIFT_STANDARD_LIBRARIES = YES;
				BUNDLE_LOADER = "$(TEST_HOST)";
				CODE_SIGN_STYLE = Automatic;
				INFOPLIST_FILE = QuizTests/Info.plist;
				IPHONEOS_DEPLOYMENT_TARGET = 13.5;
				LD_RUNPATH_SEARCH_PATHS = (
					"$(inherited)",
					"@executable_path/Frameworks",
					"@loader_path/Frameworks",
				);
				PRODUCT_BUNDLE_IDENTIFIER = app.okemoto.aika.QuizTests;
				PRODUCT_NAME = "$(TARGET_NAME)";
				SWIFT_VERSION = 5.0;
				TARGETED_DEVICE_FAMILY = "1,2";
				TEST_HOST = "$(BUILT_PRODUCTS_DIR)/Quiz.app/Quiz";
			};
			name = Debug;
		};
		E85E047F24A74DD700104CD3 /* Release */ = {
			isa = XCBuildConfiguration;
			buildSettings = {
				ALWAYS_EMBED_SWIFT_STANDARD_LIBRARIES = YES;
				BUNDLE_LOADER = "$(TEST_HOST)";
				CODE_SIGN_STYLE = Automatic;
				INFOPLIST_FILE = QuizTests/Info.plist;
				IPHONEOS_DEPLOYMENT_TARGET = 13.5;
				LD_RUNPATH_SEARCH_PATHS = (
					"$(inherited)",
					"@executable_path/Frameworks",
					"@loader_path/Frameworks",
				);
				PRODUCT_BUNDLE_IDENTIFIER = app.okemoto.aika.QuizTests;
				PRODUCT_NAME = "$(TARGET_NAME)";
				SWIFT_VERSION = 5.0;
				TARGETED_DEVICE_FAMILY = "1,2";
				TEST_HOST = "$(BUILT_PRODUCTS_DIR)/Quiz.app/Quiz";
			};
			name = Release;
		};
		E85E048124A74DD700104CD3 /* Debug */ = {
			isa = XCBuildConfiguration;
			buildSettings = {
				ALWAYS_EMBED_SWIFT_STANDARD_LIBRARIES = YES;
				CODE_SIGN_STYLE = Automatic;
				INFOPLIST_FILE = QuizUITests/Info.plist;
				LD_RUNPATH_SEARCH_PATHS = (
					"$(inherited)",
					"@executable_path/Frameworks",
					"@loader_path/Frameworks",
				);
				PRODUCT_BUNDLE_IDENTIFIER = app.okemoto.aika.QuizUITests;
				PRODUCT_NAME = "$(TARGET_NAME)";
				SWIFT_VERSION = 5.0;
				TARGETED_DEVICE_FAMILY = "1,2";
				TEST_TARGET_NAME = Quiz;
			};
			name = Debug;
		};
		E85E048224A74DD700104CD3 /* Release */ = {
			isa = XCBuildConfiguration;
			buildSettings = {
				ALWAYS_EMBED_SWIFT_STANDARD_LIBRARIES = YES;
				CODE_SIGN_STYLE = Automatic;
				INFOPLIST_FILE = QuizUITests/Info.plist;
				LD_RUNPATH_SEARCH_PATHS = (
					"$(inherited)",
					"@executable_path/Frameworks",
					"@loader_path/Frameworks",
				);
				PRODUCT_BUNDLE_IDENTIFIER = app.okemoto.aika.QuizUITests;
				PRODUCT_NAME = "$(TARGET_NAME)";
				SWIFT_VERSION = 5.0;
				TARGETED_DEVICE_FAMILY = "1,2";
				TEST_TARGET_NAME = Quiz;
			};
			name = Release;
		};
/* End XCBuildConfiguration section */

/* Begin XCConfigurationList section */
		E85E044B24A74DD000104CD3 /* Build configuration list for PBXProject "Quiz" */ = {
			isa = XCConfigurationList;
			buildConfigurations = (
				E85E047824A74DD700104CD3 /* Debug */,
				E85E047924A74DD700104CD3 /* Release */,
			);
			defaultConfigurationIsVisible = 0;
			defaultConfigurationName = Release;
		};
		E85E047A24A74DD700104CD3 /* Build configuration list for PBXNativeTarget "Quiz" */ = {
			isa = XCConfigurationList;
			buildConfigurations = (
				E85E047B24A74DD700104CD3 /* Debug */,
				E85E047C24A74DD700104CD3 /* Release */,
			);
			defaultConfigurationIsVisible = 0;
			defaultConfigurationName = Release;
		};
		E85E047D24A74DD700104CD3 /* Build configuration list for PBXNativeTarget "QuizTests" */ = {
			isa = XCConfigurationList;
			buildConfigurations = (
				E85E047E24A74DD700104CD3 /* Debug */,
				E85E047F24A74DD700104CD3 /* Release */,
			);
			defaultConfigurationIsVisible = 0;
			defaultConfigurationName = Release;
		};
		E85E048024A74DD700104CD3 /* Build configuration list for PBXNativeTarget "QuizUITests" */ = {
			isa = XCConfigurationList;
			buildConfigurations = (
				E85E048124A74DD700104CD3 /* Debug */,
				E85E048224A74DD700104CD3 /* Release */,
			);
			defaultConfigurationIsVisible = 0;
			defaultConfigurationName = Release;
		};
/* End XCConfigurationList section */
	};
	rootObject = E85E044824A74DD000104CD3 /* Project object */;
}
